// !$*UTF8*$!
{
	archiveVersion = 1;
	classes = {
	};
	objectVersion = 55;
	objects = {

/* Begin PBXBuildFile section */
		63C6990B28FDDB3B00B4882B /* github_test_2App.swift in Sources */ = {isa = PBXBuildFile; fileRef = 63C6990A28FDDB3B00B4882B /* github_test_2App.swift */; };
		63C6990D28FDDB3B00B4882B /* ContentView.swift in Sources */ = {isa = PBXBuildFile; fileRef = 63C6990C28FDDB3B00B4882B /* ContentView.swift */; };
		63C6990F28FDDB3B00B4882B /* Assets.xcassets in Resources */ = {isa = PBXBuildFile; fileRef = 63C6990E28FDDB3B00B4882B /* Assets.xcassets */; };
		63C6991228FDDB3B00B4882B /* Preview Assets.xcassets in Resources */ = {isa = PBXBuildFile; fileRef = 63C6991128FDDB3B00B4882B /* Preview Assets.xcassets */; };
		63C6991C28FDDB3B00B4882B /* github_test_2Tests.swift in Sources */ = {isa = PBXBuildFile; fileRef = 63C6991B28FDDB3B00B4882B /* github_test_2Tests.swift */; };
		63C6992628FDDB3B00B4882B /* github_test_2UITests.swift in Sources */ = {isa = PBXBuildFile; fileRef = 63C6992528FDDB3B00B4882B /* github_test_2UITests.swift */; };
		63C6992828FDDB3B00B4882B /* github_test_2UITestsLaunchTests.swift in Sources */ = {isa = PBXBuildFile; fileRef = 63C6992728FDDB3B00B4882B /* github_test_2UITestsLaunchTests.swift */; };
/* End PBXBuildFile section */

/* Begin PBXContainerItemProxy section */
		63C6991828FDDB3B00B4882B /* PBXContainerItemProxy */ = {
			isa = PBXContainerItemProxy;
			containerPortal = 63C698FF28FDDB3B00B4882B /* Project object */;
			proxyType = 1;
			remoteGlobalIDString = 63C6990628FDDB3B00B4882B;
			remoteInfo = github_test_2;
		};
		63C6992228FDDB3B00B4882B /* PBXContainerItemProxy */ = {
			isa = PBXContainerItemProxy;
			containerPortal = 63C698FF28FDDB3B00B4882B /* Project object */;
			proxyType = 1;
			remoteGlobalIDString = 63C6990628FDDB3B00B4882B;
			remoteInfo = github_test_2;
		};
/* End PBXContainerItemProxy section */

/* Begin PBXFileReference section */
		63C6990728FDDB3B00B4882B /* github_test_2.app */ = {isa = PBXFileReference; explicitFileType = wrapper.application; includeInIndex = 0; path = github_test_2.app; sourceTree = BUILT_PRODUCTS_DIR; };
		63C6990A28FDDB3B00B4882B /* github_test_2App.swift */ = {isa = PBXFileReference; lastKnownFileType = sourcecode.swift; path = github_test_2App.swift; sourceTree = "<group>"; };
		63C6990C28FDDB3B00B4882B /* ContentView.swift */ = {isa = PBXFileReference; lastKnownFileType = sourcecode.swift; path = ContentView.swift; sourceTree = "<group>"; };
		63C6990E28FDDB3B00B4882B /* Assets.xcassets */ = {isa = PBXFileReference; lastKnownFileType = folder.assetcatalog; path = Assets.xcassets; sourceTree = "<group>"; };
		63C6991128FDDB3B00B4882B /* Preview Assets.xcassets */ = {isa = PBXFileReference; lastKnownFileType = folder.assetcatalog; path = "Preview Assets.xcassets"; sourceTree = "<group>"; };
		63C6991728FDDB3B00B4882B /* github_test_2Tests.xctest */ = {isa = PBXFileReference; explicitFileType = wrapper.cfbundle; includeInIndex = 0; path = github_test_2Tests.xctest; sourceTree = BUILT_PRODUCTS_DIR; };
		63C6991B28FDDB3B00B4882B /* github_test_2Tests.swift */ = {isa = PBXFileReference; lastKnownFileType = sourcecode.swift; path = github_test_2Tests.swift; sourceTree = "<group>"; };
		63C6992128FDDB3B00B4882B /* github_test_2UITests.xctest */ = {isa = PBXFileReference; explicitFileType = wrapper.cfbundle; includeInIndex = 0; path = github_test_2UITests.xctest; sourceTree = BUILT_PRODUCTS_DIR; };
		63C6992528FDDB3B00B4882B /* github_test_2UITests.swift */ = {isa = PBXFileReference; lastKnownFileType = sourcecode.swift; path = github_test_2UITests.swift; sourceTree = "<group>"; };
		63C6992728FDDB3B00B4882B /* github_test_2UITestsLaunchTests.swift */ = {isa = PBXFileReference; lastKnownFileType = sourcecode.swift; path = github_test_2UITestsLaunchTests.swift; sourceTree = "<group>"; };
/* End PBXFileReference section */

/* Begin PBXFrameworksBuildPhase section */
		63C6990428FDDB3B00B4882B /* Frameworks */ = {
			isa = PBXFrameworksBuildPhase;
			buildActionMask = 2147483647;
			files = (
			);
			runOnlyForDeploymentPostprocessing = 0;
		};
		63C6991428FDDB3B00B4882B /* Frameworks */ = {
			isa = PBXFrameworksBuildPhase;
			buildActionMask = 2147483647;
			files = (
			);
			runOnlyForDeploymentPostprocessing = 0;
		};
		63C6991E28FDDB3B00B4882B /* Frameworks */ = {
			isa = PBXFrameworksBuildPhase;
			buildActionMask = 2147483647;
			files = (
			);
			runOnlyForDeploymentPostprocessing = 0;
		};
/* End PBXFrameworksBuildPhase section */

/* Begin PBXGroup section */
		63C698FE28FDDB3B00B4882B = {
			isa = PBXGroup;
			children = (
				63C6990928FDDB3B00B4882B /* github_test_2 */,
				63C6991A28FDDB3B00B4882B /* github_test_2Tests */,
				63C6992428FDDB3B00B4882B /* github_test_2UITests */,
				63C6990828FDDB3B00B4882B /* Products */,
			);
			sourceTree = "<group>";
		};
		63C6990828FDDB3B00B4882B /* Products */ = {
			isa = PBXGroup;
			children = (
				63C6990728FDDB3B00B4882B /* github_test_2.app */,
				63C6991728FDDB3B00B4882B /* github_test_2Tests.xctest */,
				63C6992128FDDB3B00B4882B /* github_test_2UITests.xctest */,
			);
			name = Products;
			sourceTree = "<group>";
		};
		63C6990928FDDB3B00B4882B /* github_test_2 */ = {
			isa = PBXGroup;
			children = (
				63C6990A28FDDB3B00B4882B /* github_test_2App.swift */,
				63C6990C28FDDB3B00B4882B /* ContentView.swift */,
				63C6990E28FDDB3B00B4882B /* Assets.xcassets */,
				63C6991028FDDB3B00B4882B /* Preview Content */,
			);
			path = github_test_2;
			sourceTree = "<group>";
		};
		63C6991028FDDB3B00B4882B /* Preview Content */ = {
			isa = PBXGroup;
			children = (
				63C6991128FDDB3B00B4882B /* Preview Assets.xcassets */,
			);
			path = "Preview Content";
			sourceTree = "<group>";
		};
		63C6991A28FDDB3B00B4882B /* github_test_2Tests */ = {
			isa = PBXGroup;
			children = (
				63C6991B28FDDB3B00B4882B /* github_test_2Tests.swift */,
			);
			path = github_test_2Tests;
			sourceTree = "<group>";
		};
		63C6992428FDDB3B00B4882B /* github_test_2UITests */ = {
			isa = PBXGroup;
			children = (
				63C6992528FDDB3B00B4882B /* github_test_2UITests.swift */,
				63C6992728FDDB3B00B4882B /* github_test_2UITestsLaunchTests.swift */,
			);
			path = github_test_2UITests;
			sourceTree = "<group>";
		};
/* End PBXGroup section */

/* Begin PBXNativeTarget section */
		63C6990628FDDB3B00B4882B /* github_test_2 */ = {
			isa = PBXNativeTarget;
			buildConfigurationList = 63C6992B28FDDB3B00B4882B /* Build configuration list for PBXNativeTarget "github_test_2" */;
			buildPhases = (
				63C6990328FDDB3B00B4882B /* Sources */,
				63C6990428FDDB3B00B4882B /* Frameworks */,
				63C6990528FDDB3B00B4882B /* Resources */,
			);
			buildRules = (
			);
			dependencies = (
			);
			name = github_test_2;
			productName = github_test_2;
			productReference = 63C6990728FDDB3B00B4882B /* github_test_2.app */;
			productType = "com.apple.product-type.application";
		};
		63C6991628FDDB3B00B4882B /* github_test_2Tests */ = {
			isa = PBXNativeTarget;
			buildConfigurationList = 63C6992E28FDDB3B00B4882B /* Build configuration list for PBXNativeTarget "github_test_2Tests" */;
			buildPhases = (
				63C6991328FDDB3B00B4882B /* Sources */,
				63C6991428FDDB3B00B4882B /* Frameworks */,
				63C6991528FDDB3B00B4882B /* Resources */,
			);
			buildRules = (
			);
			dependencies = (
				63C6991928FDDB3B00B4882B /* PBXTargetDependency */,
			);
			name = github_test_2Tests;
			productName = github_test_2Tests;
			productReference = 63C6991728FDDB3B00B4882B /* github_test_2Tests.xctest */;
			productType = "com.apple.product-type.bundle.unit-test";
		};
		63C6992028FDDB3B00B4882B /* github_test_2UITests */ = {
			isa = PBXNativeTarget;
			buildConfigurationList = 63C6993128FDDB3B00B4882B /* Build configuration list for PBXNativeTarget "github_test_2UITests" */;
			buildPhases = (
				63C6991D28FDDB3B00B4882B /* Sources */,
				63C6991E28FDDB3B00B4882B /* Frameworks */,
				63C6991F28FDDB3B00B4882B /* Resources */,
			);
			buildRules = (
			);
			dependencies = (
				63C6992328FDDB3B00B4882B /* PBXTargetDependency */,
			);
			name = github_test_2UITests;
			productName = github_test_2UITests;
			productReference = 63C6992128FDDB3B00B4882B /* github_test_2UITests.xctest */;
			productType = "com.apple.product-type.bundle.ui-testing";
		};
/* End PBXNativeTarget section */

/* Begin PBXProject section */
		63C698FF28FDDB3B00B4882B /* Project object */ = {
			isa = PBXProject;
			attributes = {
				BuildIndependentTargetsInParallel = 1;
				LastSwiftUpdateCheck = 1340;
				LastUpgradeCheck = 1340;
				TargetAttributes = {
					63C6990628FDDB3B00B4882B = {
						CreatedOnToolsVersion = 13.4.1;
					};
					63C6991628FDDB3B00B4882B = {
						CreatedOnToolsVersion = 13.4.1;
						TestTargetID = 63C6990628FDDB3B00B4882B;
					};
					63C6992028FDDB3B00B4882B = {
						CreatedOnToolsVersion = 13.4.1;
						TestTargetID = 63C6990628FDDB3B00B4882B;
					};
				};
			};
			buildConfigurationList = 63C6990228FDDB3B00B4882B /* Build configuration list for PBXProject "github_test_2" */;
			compatibilityVersion = "Xcode 13.0";
			developmentRegion = en;
			hasScannedForEncodings = 0;
			knownRegions = (
				en,
				Base,
			);
			mainGroup = 63C698FE28FDDB3B00B4882B;
			productRefGroup = 63C6990828FDDB3B00B4882B /* Products */;
			projectDirPath = "";
			projectRoot = "";
			targets = (
				63C6990628FDDB3B00B4882B /* github_test_2 */,
				63C6991628FDDB3B00B4882B /* github_test_2Tests */,
				63C6992028FDDB3B00B4882B /* github_test_2UITests */,
			);
		};
/* End PBXProject section */

/* Begin PBXResourcesBuildPhase section */
		63C6990528FDDB3B00B4882B /* Resources */ = {
			isa = PBXResourcesBuildPhase;
			buildActionMask = 2147483647;
			files = (
				63C6991228FDDB3B00B4882B /* Preview Assets.xcassets in Resources */,
				63C6990F28FDDB3B00B4882B /* Assets.xcassets in Resources */,
			);
			runOnlyForDeploymentPostprocessing = 0;
		};
		63C6991528FDDB3B00B4882B /* Resources */ = {
			isa = PBXResourcesBuildPhase;
			buildActionMask = 2147483647;
			files = (
			);
			runOnlyForDeploymentPostprocessing = 0;
		};
		63C6991F28FDDB3B00B4882B /* Resources */ = {
			isa = PBXResourcesBuildPhase;
			buildActionMask = 2147483647;
			files = (
			);
			runOnlyForDeploymentPostprocessing = 0;
		};
/* End PBXResourcesBuildPhase section */

/* Begin PBXSourcesBuildPhase section */
		63C6990328FDDB3B00B4882B /* Sources */ = {
			isa = PBXSourcesBuildPhase;
			buildActionMask = 2147483647;
			files = (
				63C6990D28FDDB3B00B4882B /* ContentView.swift in Sources */,
				63C6990B28FDDB3B00B4882B /* github_test_2App.swift in Sources */,
			);
			runOnlyForDeploymentPostprocessing = 0;
		};
		63C6991328FDDB3B00B4882B /* Sources */ = {
			isa = PBXSourcesBuildPhase;
			buildActionMask = 2147483647;
			files = (
				63C6991C28FDDB3B00B4882B /* github_test_2Tests.swift in Sources */,
			);
			runOnlyForDeploymentPostprocessing = 0;
		};
		63C6991D28FDDB3B00B4882B /* Sources */ = {
			isa = PBXSourcesBuildPhase;
			buildActionMask = 2147483647;
			files = (
				63C6992828FDDB3B00B4882B /* github_test_2UITestsLaunchTests.swift in Sources */,
				63C6992628FDDB3B00B4882B /* github_test_2UITests.swift in Sources */,
			);
			runOnlyForDeploymentPostprocessing = 0;
		};
/* End PBXSourcesBuildPhase section */

/* Begin PBXTargetDependency section */
		63C6991928FDDB3B00B4882B /* PBXTargetDependency */ = {
			isa = PBXTargetDependency;
			target = 63C6990628FDDB3B00B4882B /* github_test_2 */;
			targetProxy = 63C6991828FDDB3B00B4882B /* PBXContainerItemProxy */;
		};
		63C6992328FDDB3B00B4882B /* PBXTargetDependency */ = {
			isa = PBXTargetDependency;
			target = 63C6990628FDDB3B00B4882B /* github_test_2 */;
			targetProxy = 63C6992228FDDB3B00B4882B /* PBXContainerItemProxy */;
		};
/* End PBXTargetDependency section */

/* Begin XCBuildConfiguration section */
		63C6992928FDDB3B00B4882B /* Debug */ = {
			isa = XCBuildConfiguration;
			buildSettings = {
				ALWAYS_SEARCH_USER_PATHS = NO;
				CLANG_ANALYZER_NONNULL = YES;
				CLANG_ANALYZER_NUMBER_OBJECT_CONVERSION = YES_AGGRESSIVE;
				CLANG_CXX_LANGUAGE_STANDARD = "gnu++17";
				CLANG_ENABLE_MODULES = YES;
				CLANG_ENABLE_OBJC_ARC = YES;
				CLANG_ENABLE_OBJC_WEAK = YES;
				CLANG_WARN_BLOCK_CAPTURE_AUTORELEASING = YES;
				CLANG_WARN_BOOL_CONVERSION = YES;
				CLANG_WARN_COMMA = YES;
				CLANG_WARN_CONSTANT_CONVERSION = YES;
				CLANG_WARN_DEPRECATED_OBJC_IMPLEMENTATIONS = YES;
				CLANG_WARN_DIRECT_OBJC_ISA_USAGE = YES_ERROR;
				CLANG_WARN_DOCUMENTATION_COMMENTS = YES;
				CLANG_WARN_EMPTY_BODY = YES;
				CLANG_WARN_ENUM_CONVERSION = YES;
				CLANG_WARN_INFINITE_RECURSION = YES;
				CLANG_WARN_INT_CONVERSION = YES;
				CLANG_WARN_NON_LITERAL_NULL_CONVERSION = YES;
				CLANG_WARN_OBJC_IMPLICIT_RETAIN_SELF = YES;
				CLANG_WARN_OBJC_LITERAL_CONVERSION = YES;
				CLANG_WARN_OBJC_ROOT_CLASS = YES_ERROR;
				CLANG_WARN_QUOTED_INCLUDE_IN_FRAMEWORK_HEADER = YES;
				CLANG_WARN_RANGE_LOOP_ANALYSIS = YES;
				CLANG_WARN_STRICT_PROTOTYPES = YES;
				CLANG_WARN_SUSPICIOUS_MOVE = YES;
				CLANG_WARN_UNGUARDED_AVAILABILITY = YES_AGGRESSIVE;
				CLANG_WARN_UNREACHABLE_CODE = YES;
				CLANG_WARN__DUPLICATE_METHOD_MATCH = YES;
				COPY_PHASE_STRIP = NO;
				DEBUG_INFORMATION_FORMAT = dwarf;
				ENABLE_STRICT_OBJC_MSGSEND = YES;
				ENABLE_TESTABILITY = YES;
				GCC_C_LANGUAGE_STANDARD = gnu11;
				GCC_DYNAMIC_NO_PIC = NO;
				GCC_NO_COMMON_BLOCKS = YES;
				GCC_OPTIMIZATION_LEVEL = 0;
				GCC_PREPROCESSOR_DEFINITIONS = (
					"DEBUG=1",
					"$(inherited)",
				);
				GCC_WARN_64_TO_32_BIT_CONVERSION = YES;
				GCC_WARN_ABOUT_RETURN_TYPE = YES_ERROR;
				GCC_WARN_UNDECLARED_SELECTOR = YES;
				GCC_WARN_UNINITIALIZED_AUTOS = YES_AGGRESSIVE;
				GCC_WARN_UNUSED_FUNCTION = YES;
				GCC_WARN_UNUSED_VARIABLE = YES;
				IPHONEOS_DEPLOYMENT_TARGET = 15.5;
				MTL_ENABLE_DEBUG_INFO = INCLUDE_SOURCE;
				MTL_FAST_MATH = YES;
				ONLY_ACTIVE_ARCH = YES;
				SDKROOT = iphoneos;
				SWIFT_ACTIVE_COMPILATION_CONDITIONS = DEBUG;
				SWIFT_OPTIMIZATION_LEVEL = "-Onone";
			};
			name = Debug;
		};
		63C6992A28FDDB3B00B4882B /* Release */ = {
			isa = XCBuildConfiguration;
			buildSettings = {
				ALWAYS_SEARCH_USER_PATHS = NO;
				CLANG_ANALYZER_NONNULL = YES;
				CLANG_ANALYZER_NUMBER_OBJECT_CONVERSION = YES_AGGRESSIVE;
				CLANG_CXX_LANGUAGE_STANDARD = "gnu++17";
				CLANG_ENABLE_MODULES = YES;
				CLANG_ENABLE_OBJC_ARC = YES;
				CLANG_ENABLE_OBJC_WEAK = YES;
				CLANG_WARN_BLOCK_CAPTURE_AUTORELEASING = YES;
				CLANG_WARN_BOOL_CONVERSION = YES;
				CLANG_WARN_COMMA = YES;
				CLANG_WARN_CONSTANT_CONVERSION = YES;
				CLANG_WARN_DEPRECATED_OBJC_IMPLEMENTATIONS = YES;
				CLANG_WARN_DIRECT_OBJC_ISA_USAGE = YES_ERROR;
				CLANG_WARN_DOCUMENTATION_COMMENTS = YES;
				CLANG_WARN_EMPTY_BODY = YES;
				CLANG_WARN_ENUM_CONVERSION = YES;
				CLANG_WARN_INFINITE_RECURSION = YES;
				CLANG_WARN_INT_CONVERSION = YES;
				CLANG_WARN_NON_LITERAL_NULL_CONVERSION = YES;
				CLANG_WARN_OBJC_IMPLICIT_RETAIN_SELF = YES;
				CLANG_WARN_OBJC_LITERAL_CONVERSION = YES;
				CLANG_WARN_OBJC_ROOT_CLASS = YES_ERROR;
				CLANG_WARN_QUOTED_INCLUDE_IN_FRAMEWORK_HEADER = YES;
				CLANG_WARN_RANGE_LOOP_ANALYSIS = YES;
				CLANG_WARN_STRICT_PROTOTYPES = YES;
				CLANG_WARN_SUSPICIOUS_MOVE = YES;
				CLANG_WARN_UNGUARDED_AVAILABILITY = YES_AGGRESSIVE;
				CLANG_WARN_UNREACHABLE_CODE = YES;
				CLANG_WARN__DUPLICATE_METHOD_MATCH = YES;
				COPY_PHASE_STRIP = NO;
				DEBUG_INFORMATION_FORMAT = "dwarf-with-dsym";
				ENABLE_NS_ASSERTIONS = NO;
				ENABLE_STRICT_OBJC_MSGSEND = YES;
				GCC_C_LANGUAGE_STANDARD = gnu11;
				GCC_NO_COMMON_BLOCKS = YES;
				GCC_WARN_64_TO_32_BIT_CONVERSION = YES;
				GCC_WARN_ABOUT_RETURN_TYPE = YES_ERROR;
				GCC_WARN_UNDECLARED_SELECTOR = YES;
				GCC_WARN_UNINITIALIZED_AUTOS = YES_AGGRESSIVE;
				GCC_WARN_UNUSED_FUNCTION = YES;
				GCC_WARN_UNUSED_VARIABLE = YES;
				IPHONEOS_DEPLOYMENT_TARGET = 15.5;
				MTL_ENABLE_DEBUG_INFO = NO;
				MTL_FAST_MATH = YES;
				SDKROOT = iphoneos;
				SWIFT_COMPILATION_MODE = wholemodule;
				SWIFT_OPTIMIZATION_LEVEL = "-O";
				VALIDATE_PRODUCT = YES;
			};
			name = Release;
		};
		63C6992C28FDDB3B00B4882B /* Debug */ = {
			isa = XCBuildConfiguration;
			buildSettings = {
				ASSETCATALOG_COMPILER_APPICON_NAME = AppIcon;
				ASSETCATALOG_COMPILER_GLOBAL_ACCENT_COLOR_NAME = AccentColor;
				CODE_SIGN_STYLE = Automatic;
				CURRENT_PROJECT_VERSION = 1;
				DEVELOPMENT_ASSET_PATHS = "\"github_test_2/Preview Content\"";
				DEVELOPMENT_TEAM = TUDRAH795Y;
				ENABLE_PREVIEWS = YES;
				GENERATE_INFOPLIST_FILE = YES;
				INFOPLIST_KEY_UIApplicationSceneManifest_Generation = YES;
				INFOPLIST_KEY_UIApplicationSupportsIndirectInputEvents = YES;
				INFOPLIST_KEY_UILaunchScreen_Generation = YES;
				INFOPLIST_KEY_UISupportedInterfaceOrientations_iPad = "UIInterfaceOrientationPortrait UIInterfaceOrientationPortraitUpsideDown UIInterfaceOrientationLandscapeLeft UIInterfaceOrientationLandscapeRight";
				INFOPLIST_KEY_UISupportedInterfaceOrientations_iPhone = "UIInterfaceOrientationPortrait UIInterfaceOrientationLandscapeLeft UIInterfaceOrientationLandscapeRight";
				LD_RUNPATH_SEARCH_PATHS = (
					"$(inherited)",
					"@executable_path/Frameworks",
				);
				MARKETING_VERSION = 1.0;
				PRODUCT_BUNDLE_IDENTIFIER = "demo.github-test-2";
				PRODUCT_NAME = "$(TARGET_NAME)";
				SWIFT_EMIT_LOC_STRINGS = YES;
				SWIFT_VERSION = 5.0;
				TARGETED_DEVICE_FAMILY = "1,2";
			};
			name = Debug;
		};
		63C6992D28FDDB3B00B4882B /* Release */ = {
			isa = XCBuildConfiguration;
			buildSettings = {
				ASSETCATALOG_COMPILER_APPICON_NAME = AppIcon;
				ASSETCATALOG_COMPILER_GLOBAL_ACCENT_COLOR_NAME = AccentColor;
				CODE_SIGN_STYLE = Automatic;
				CURRENT_PROJECT_VERSION = 1;
				DEVELOPMENT_ASSET_PATHS = "\"github_test_2/Preview Content\"";
				DEVELOPMENT_TEAM = TUDRAH795Y;
				ENABLE_PREVIEWS = YES;
				GENERATE_INFOPLIST_FILE = YES;
				INFOPLIST_KEY_UIApplicationSceneManifest_Generation = YES;
				INFOPLIST_KEY_UIApplicationSupportsIndirectInputEvents = YES;
				INFOPLIST_KEY_UILaunchScreen_Generation = YES;
				INFOPLIST_KEY_UISupportedInterfaceOrientations_iPad = "UIInterfaceOrientationPortrait UIInterfaceOrientationPortraitUpsideDown UIInterfaceOrientationLandscapeLeft UIInterfaceOrientationLandscapeRight";
				INFOPLIST_KEY_UISupportedInterfaceOrientations_iPhone = "UIInterfaceOrientationPortrait UIInterfaceOrientationLandscapeLeft UIInterfaceOrientationLandscapeRight";
				LD_RUNPATH_SEARCH_PATHS = (
					"$(inherited)",
					"@executable_path/Frameworks",
				);
				MARKETING_VERSION = 1.0;
				PRODUCT_BUNDLE_IDENTIFIER = "demo.github-test-2";
				PRODUCT_NAME = "$(TARGET_NAME)";
				SWIFT_EMIT_LOC_STRINGS = YES;
				SWIFT_VERSION = 5.0;
				TARGETED_DEVICE_FAMILY = "1,2";
			};
			name = Release;
		};
		63C6992F28FDDB3B00B4882B /* Debug */ = {
			isa = XCBuildConfiguration;
			buildSettings = {
				ALWAYS_EMBED_SWIFT_STANDARD_LIBRARIES = YES;
				BUNDLE_LOADER = "$(TEST_HOST)";
				CODE_SIGN_STYLE = Automatic;
				CURRENT_PROJECT_VERSION = 1;
				DEVELOPMENT_TEAM = TUDRAH795Y;
				GENERATE_INFOPLIST_FILE = YES;
				IPHONEOS_DEPLOYMENT_TARGET = 15.5;
				MARKETING_VERSION = 1.0;
				PRODUCT_BUNDLE_IDENTIFIER = "demo.github-test-2Tests";
				PRODUCT_NAME = "$(TARGET_NAME)";
				SWIFT_EMIT_LOC_STRINGS = NO;
				SWIFT_VERSION = 5.0;
				TARGETED_DEVICE_FAMILY = "1,2";
				TEST_HOST = "$(BUILT_PRODUCTS_DIR)/github_test_2.app/github_test_2";
			};
			name = Debug;
		};
		63C6993028FDDB3B00B4882B /* Release */ = {
			isa = XCBuildConfiguration;
			buildSettings = {
				ALWAYS_EMBED_SWIFT_STANDARD_LIBRARIES = YES;
				BUNDLE_LOADER = "$(TEST_HOST)";
				CODE_SIGN_STYLE = Automatic;
				CURRENT_PROJECT_VERSION = 1;
				DEVELOPMENT_TEAM = TUDRAH795Y;
				GENERATE_INFOPLIST_FILE = YES;
				IPHONEOS_DEPLOYMENT_TARGET = 15.5;
				MARKETING_VERSION = 1.0;
				PRODUCT_BUNDLE_IDENTIFIER = "demo.github-test-2Tests";
				PRODUCT_NAME = "$(TARGET_NAME)";
				SWIFT_EMIT_LOC_STRINGS = NO;
				SWIFT_VERSION = 5.0;
				TARGETED_DEVICE_FAMILY = "1,2";
				TEST_HOST = "$(BUILT_PRODUCTS_DIR)/github_test_2.app/github_test_2";
			};
			name = Release;
		};
		63C6993228FDDB3B00B4882B /* Debug */ = {
			isa = XCBuildConfiguration;
			buildSettings = {
				ALWAYS_EMBED_SWIFT_STANDARD_LIBRARIES = YES;
				CODE_SIGN_STYLE = Automatic;
				CURRENT_PROJECT_VERSION = 1;
				DEVELOPMENT_TEAM = TUDRAH795Y;
				GENERATE_INFOPLIST_FILE = YES;
				MARKETING_VERSION = 1.0;
				PRODUCT_BUNDLE_IDENTIFIER = "demo.github-test-2UITests";
				PRODUCT_NAME = "$(TARGET_NAME)";
				SWIFT_EMIT_LOC_STRINGS = NO;
				SWIFT_VERSION = 5.0;
				TARGETED_DEVICE_FAMILY = "1,2";
				TEST_TARGET_NAME = github_test_2;
			};
			name = Debug;
		};
		63C6993328FDDB3B00B4882B /* Release */ = {
			isa = XCBuildConfiguration;
			buildSettings = {
				ALWAYS_EMBED_SWIFT_STANDARD_LIBRARIES = YES;
				CODE_SIGN_STYLE = Automatic;
				CURRENT_PROJECT_VERSION = 1;
				DEVELOPMENT_TEAM = TUDRAH795Y;
				GENERATE_INFOPLIST_FILE = YES;
				MARKETING_VERSION = 1.0;
				PRODUCT_BUNDLE_IDENTIFIER = "demo.github-test-2UITests";
				PRODUCT_NAME = "$(TARGET_NAME)";
				SWIFT_EMIT_LOC_STRINGS = NO;
				SWIFT_VERSION = 5.0;
				TARGETED_DEVICE_FAMILY = "1,2";
				TEST_TARGET_NAME = github_test_2;
			};
			name = Release;
		};
/* End XCBuildConfiguration section */

/* Begin XCConfigurationList section */
		63C6990228FDDB3B00B4882B /* Build configuration list for PBXProject "github_test_2" */ = {
			isa = XCConfigurationList;
			buildConfigurations = (
				63C6992928FDDB3B00B4882B /* Debug */,
				63C6992A28FDDB3B00B4882B /* Release */,
			);
			defaultConfigurationIsVisible = 0;
			defaultConfigurationName = Release;
		};
		63C6992B28FDDB3B00B4882B /* Build configuration list for PBXNativeTarget "github_test_2" */ = {
			isa = XCConfigurationList;
			buildConfigurations = (
				63C6992C28FDDB3B00B4882B /* Debug */,
				63C6992D28FDDB3B00B4882B /* Release */,
			);
			defaultConfigurationIsVisible = 0;
			defaultConfigurationName = Release;
		};
		63C6992E28FDDB3B00B4882B /* Build configuration list for PBXNativeTarget "github_test_2Tests" */ = {
			isa = XCConfigurationList;
			buildConfigurations = (
				63C6992F28FDDB3B00B4882B /* Debug */,
				63C6993028FDDB3B00B4882B /* Release */,
			);
			defaultConfigurationIsVisible = 0;
			defaultConfigurationName = Release;
		};
		63C6993128FDDB3B00B4882B /* Build configuration list for PBXNativeTarget "github_test_2UITests" */ = {
			isa = XCConfigurationList;
			buildConfigurations = (
				63C6993228FDDB3B00B4882B /* Debug */,
				63C6993328FDDB3B00B4882B /* Release */,
			);
			defaultConfigurationIsVisible = 0;
			defaultConfigurationName = Release;
		};
/* End XCConfigurationList section */
	};
	rootObject = 63C698FF28FDDB3B00B4882B /* Project object */;
}
